
Microsoft Visual Studio Solution File, Format Version 12.00
# Visual Studio Version 17
VisualStudioVersion = 17.7.34202.233
MinimumVisualStudioVersion = 10.0.40219.1
Project("{FAE04EC0-301F-11D3-BF4B-00C04F79EFBC}") = "Banking_App_v0.1", "Banking_App_v0.1\Banking_App_v0.1.csproj", "{BE9F3341-AEAA-4677-A3B2-AACE8162C88E}"
EndProject
Global
	GlobalSection(SolutionConfigurationPlatforms) = preSolution
		Debug|Any CPU = Debug|Any CPU
		Release|Any CPU = Release|Any CPU
	EndGlobalSection
	GlobalSection(ProjectConfigurationPlatforms) = postSolution
		{BE9F3341-AEAA-4677-A3B2-AACE8162C88E}.Debug|Any CPU.ActiveCfg = Debug|Any CPU
		{BE9F3341-AEAA-4677-A3B2-AACE8162C88E}.Debug|Any CPU.Build.0 = Debug|Any CPU
		{BE9F3341-AEAA-4677-A3B2-AACE8162C88E}.Release|Any CPU.ActiveCfg = Release|Any CPU
		{BE9F3341-AEAA-4677-A3B2-AACE8162C88E}.Release|Any CPU.Build.0 = Release|Any CPU
	EndGlobalSection
	GlobalSection(SolutionProperties) = preSolution
		HideSolutionNode = FALSE
	EndGlobalSection
	GlobalSection(ExtensibilityGlobals) = postSolution
		SolutionGuid = {5FC555D7-8238-4076-AD6A-59E65A0A4D23}
	EndGlobalSection
EndGlobal
